Microsoft Visual Studio Solution File, Format Version 12.00
# Visual Studio 2012
Project("{FAE04EC0-301F-11D3-BF4B-00C04F79EFBC}") = "too_many_spells", "too_many_spells.csproj", "{5ECAE30C-FD2C-468F-977C-72141E2A5CEC}"
EndProject
Global
	GlobalSection(SolutionConfigurationPlatforms) = preSolution
	Debug|Any CPU = Debug|Any CPU
	ExportDebug|Any CPU = ExportDebug|Any CPU
	ExportRelease|Any CPU = ExportRelease|Any CPU
	EndGlobalSection
	GlobalSection(ProjectConfigurationPlatforms) = postSolution
		{5ECAE30C-FD2C-468F-977C-72141E2A5CEC}.Debug|Any CPU.ActiveCfg = Debug|Any CPU
		{5ECAE30C-FD2C-468F-977C-72141E2A5CEC}.Debug|Any CPU.Build.0 = Debug|Any CPU
		{5ECAE30C-FD2C-468F-977C-72141E2A5CEC}.ExportDebug|Any CPU.ActiveCfg = ExportDebug|Any CPU
		{5ECAE30C-FD2C-468F-977C-72141E2A5CEC}.ExportDebug|Any CPU.Build.0 = ExportDebug|Any CPU
		{5ECAE30C-FD2C-468F-977C-72141E2A5CEC}.ExportRelease|Any CPU.ActiveCfg = ExportRelease|Any CPU
		{5ECAE30C-FD2C-468F-977C-72141E2A5CEC}.ExportRelease|Any CPU.Build.0 = ExportRelease|Any CPU
	EndGlobalSection
EndGlobal
